# This file is automatically @generated by Cargo.
# It is not intended for manual editing.
version = 4

[[package]]
name = "ipnetx"
version = "0.2.2"
source = "registry+https://github.com/rust-lang/crates.io-index"
checksum = "66a41eaf30def4acb80956c4fad7f2593821496fb1985bb91356752a8a055be2"

[[package]]
name = "pathvector-bmp"
version = "0.1.0"
dependencies = [
 "pathvector-types",
]

[[package]]
name = "pathvector-policy"
version = "0.1.0"
dependencies = [
 "ipnetx",
 "pathvector-types",
 "routemap",
]

[[package]]
name = "pathvector-rib"
version = "0.1.0"
dependencies = [
 "pathvector-policy",
 "pathvector-types",
 "routemap",
]

[[package]]
name = "pathvector-session"
version = "0.1.0"
dependencies = [
 "pathvector-types",
]

[[package]]
name = "pathvector-types"
version = "0.1.0"
dependencies = [
 "ipnetx",
]

[[package]]
name = "pathvectord"
version = "0.1.0"
dependencies = [
 "pathvector-bmp",
 "pathvector-policy",
 "pathvector-rib",
 "pathvector-session",
 "pathvector-types",
]

[[package]]
name = "routemap"
version = "0.1.1"
source = "registry+https://github.com/rust-lang/crates.io-index"
checksum = "48d3f030e8bc6adf7679e052d4e0dddb72e3fd618ce9705cf64963a7fa78979b"
dependencies = [
 "ipnetx",
]
